// !$*UTF8*$!
{
	archiveVersion = 1;
	classes = {
	};
	objectVersion = 56;
	objects = {

/* Begin PBXBuildFile section */
		64F55AB229C83B65009CAFE6 /* AppDelegate.swift in Sources */ = {isa = PBXBuildFile; fileRef = 64F55AB129C83B65009CAFE6 /* AppDelegate.swift */; };
		64F55AB429C83B65009CAFE6 /* SceneDelegate.swift in Sources */ = {isa = PBXBuildFile; fileRef = 64F55AB329C83B65009CAFE6 /* SceneDelegate.swift */; };
		64F55AB629C83B65009CAFE6 /* ViewController.swift in Sources */ = {isa = PBXBuildFile; fileRef = 64F55AB529C83B65009CAFE6 /* ViewController.swift */; };
		64F55AB929C83B65009CAFE6 /* Main.storyboard in Resources */ = {isa = PBXBuildFile; fileRef = 64F55AB729C83B65009CAFE6 /* Main.storyboard */; };
		64F55ABB29C83B70009CAFE6 /* Assets.xcassets in Resources */ = {isa = PBXBuildFile; fileRef = 64F55ABA29C83B70009CAFE6 /* Assets.xcassets */; };
		64F55ABE29C83B70009CAFE6 /* LaunchScreen.storyboard in Resources */ = {isa = PBXBuildFile; fileRef = 64F55ABC29C83B70009CAFE6 /* LaunchScreen.storyboard */; };
		64F55AC929C83B70009CAFE6 /* RandomPhotoTests.swift in Sources */ = {isa = PBXBuildFile; fileRef = 64F55AC829C83B70009CAFE6 /* RandomPhotoTests.swift */; };
		64F55AD329C83B70009CAFE6 /* RandomPhotoUITests.swift in Sources */ = {isa = PBXBuildFile; fileRef = 64F55AD229C83B70009CAFE6 /* RandomPhotoUITests.swift */; };
		64F55AD529C83B70009CAFE6 /* RandomPhotoUITestsLaunchTests.swift in Sources */ = {isa = PBXBuildFile; fileRef = 64F55AD429C83B70009CAFE6 /* RandomPhotoUITestsLaunchTests.swift */; };
/* End PBXBuildFile section */

/* Begin PBXContainerItemProxy section */
		64F55AC529C83B70009CAFE6 /* PBXContainerItemProxy */ = {
			isa = PBXContainerItemProxy;
			containerPortal = 64F55AA629C83B65009CAFE6 /* Project object */;
			proxyType = 1;
			remoteGlobalIDString = 64F55AAD29C83B65009CAFE6;
			remoteInfo = RandomPhoto;
		};
		64F55ACF29C83B70009CAFE6 /* PBXContainerItemProxy */ = {
			isa = PBXContainerItemProxy;
			containerPortal = 64F55AA629C83B65009CAFE6 /* Project object */;
			proxyType = 1;
			remoteGlobalIDString = 64F55AAD29C83B65009CAFE6;
			remoteInfo = RandomPhoto;
		};
/* End PBXContainerItemProxy section */

/* Begin PBXFileReference section */
		64F55AAE29C83B65009CAFE6 /* RandomPhoto.app */ = {isa = PBXFileReference; explicitFileType = wrapper.application; includeInIndex = 0; path = RandomPhoto.app; sourceTree = BUILT_PRODUCTS_DIR; };
		64F55AB129C83B65009CAFE6 /* AppDelegate.swift */ = {isa = PBXFileReference; lastKnownFileType = sourcecode.swift; path = AppDelegate.swift; sourceTree = "<group>"; };
		64F55AB329C83B65009CAFE6 /* SceneDelegate.swift */ = {isa = PBXFileReference; lastKnownFileType = sourcecode.swift; path = SceneDelegate.swift; sourceTree = "<group>"; };
		64F55AB529C83B65009CAFE6 /* ViewController.swift */ = {isa = PBXFileReference; lastKnownFileType = sourcecode.swift; path = ViewController.swift; sourceTree = "<group>"; };
		64F55AB829C83B65009CAFE6 /* Base */ = {isa = PBXFileReference; lastKnownFileType = file.storyboard; name = Base; path = Base.lproj/Main.storyboard; sourceTree = "<group>"; };
		64F55ABA29C83B70009CAFE6 /* Assets.xcassets */ = {isa = PBXFileReference; lastKnownFileType = folder.assetcatalog; path = Assets.xcassets; sourceTree = "<group>"; };
		64F55ABD29C83B70009CAFE6 /* Base */ = {isa = PBXFileReference; lastKnownFileType = file.storyboard; name = Base; path = Base.lproj/LaunchScreen.storyboard; sourceTree = "<group>"; };
		64F55ABF29C83B70009CAFE6 /* Info.plist */ = {isa = PBXFileReference; lastKnownFileType = text.plist.xml; path = Info.plist; sourceTree = "<group>"; };
		64F55AC429C83B70009CAFE6 /* RandomPhotoTests.xctest */ = {isa = PBXFileReference; explicitFileType = wrapper.cfbundle; includeInIndex = 0; path = RandomPhotoTests.xctest; sourceTree = BUILT_PRODUCTS_DIR; };
		64F55AC829C83B70009CAFE6 /* RandomPhotoTests.swift */ = {isa = PBXFileReference; lastKnownFileType = sourcecode.swift; path = RandomPhotoTests.swift; sourceTree = "<group>"; };
		64F55ACE29C83B70009CAFE6 /* RandomPhotoUITests.xctest */ = {isa = PBXFileReference; explicitFileType = wrapper.cfbundle; includeInIndex = 0; path = RandomPhotoUITests.xctest; sourceTree = BUILT_PRODUCTS_DIR; };
		64F55AD229C83B70009CAFE6 /* RandomPhotoUITests.swift */ = {isa = PBXFileReference; lastKnownFileType = sourcecode.swift; path = RandomPhotoUITests.swift; sourceTree = "<group>"; };
		64F55AD429C83B70009CAFE6 /* RandomPhotoUITestsLaunchTests.swift */ = {isa = PBXFileReference; lastKnownFileType = sourcecode.swift; path = RandomPhotoUITestsLaunchTests.swift; sourceTree = "<group>"; };
/* End PBXFileReference section */

/* Begin PBXFrameworksBuildPhase section */
		64F55AAB29C83B65009CAFE6 /* Frameworks */ = {
			isa = PBXFrameworksBuildPhase;
			buildActionMask = 2147483647;
			files = (
			);
			runOnlyForDeploymentPostprocessing = 0;
		};
		64F55AC129C83B70009CAFE6 /* Frameworks */ = {
			isa = PBXFrameworksBuildPhase;
			buildActionMask = 2147483647;
			files = (
			);
			runOnlyForDeploymentPostprocessing = 0;
		};
		64F55ACB29C83B70009CAFE6 /* Frameworks */ = {
			isa = PBXFrameworksBuildPhase;
			buildActionMask = 2147483647;
			files = (
			);
			runOnlyForDeploymentPostprocessing = 0;
		};
/* End PBXFrameworksBuildPhase section */

/* Begin PBXGroup section */
		64F55AA529C83B65009CAFE6 = {
			isa = PBXGroup;
			children = (
				64F55AB029C83B65009CAFE6 /* RandomPhoto */,
				64F55AC729C83B70009CAFE6 /* RandomPhotoTests */,
				64F55AD129C83B70009CAFE6 /* RandomPhotoUITests */,
				64F55AAF29C83B65009CAFE6 /* Products */,
			);
			sourceTree = "<group>";
		};
		64F55AAF29C83B65009CAFE6 /* Products */ = {
			isa = PBXGroup;
			children = (
				64F55AAE29C83B65009CAFE6 /* RandomPhoto.app */,
				64F55AC429C83B70009CAFE6 /* RandomPhotoTests.xctest */,
				64F55ACE29C83B70009CAFE6 /* RandomPhotoUITests.xctest */,
			);
			name = Products;
			sourceTree = "<group>";
		};
		64F55AB029C83B65009CAFE6 /* RandomPhoto */ = {
			isa = PBXGroup;
			children = (
				64F55AB129C83B65009CAFE6 /* AppDelegate.swift */,
				64F55AB329C83B65009CAFE6 /* SceneDelegate.swift */,
				64F55AB529C83B65009CAFE6 /* ViewController.swift */,
				64F55AB729C83B65009CAFE6 /* Main.storyboard */,
				64F55ABA29C83B70009CAFE6 /* Assets.xcassets */,
				64F55ABC29C83B70009CAFE6 /* LaunchScreen.storyboard */,
				64F55ABF29C83B70009CAFE6 /* Info.plist */,
			);
			path = RandomPhoto;
			sourceTree = "<group>";
		};
		64F55AC729C83B70009CAFE6 /* RandomPhotoTests */ = {
			isa = PBXGroup;
			children = (
				64F55AC829C83B70009CAFE6 /* RandomPhotoTests.swift */,
			);
			path = RandomPhotoTests;
			sourceTree = "<group>";
		};
		64F55AD129C83B70009CAFE6 /* RandomPhotoUITests */ = {
			isa = PBXGroup;
			children = (
				64F55AD229C83B70009CAFE6 /* RandomPhotoUITests.swift */,
				64F55AD429C83B70009CAFE6 /* RandomPhotoUITestsLaunchTests.swift */,
			);
			path = RandomPhotoUITests;
			sourceTree = "<group>";
		};
/* End PBXGroup section */

/* Begin PBXNativeTarget section */
		64F55AAD29C83B65009CAFE6 /* RandomPhoto */ = {
			isa = PBXNativeTarget;
			buildConfigurationList = 64F55AD829C83B70009CAFE6 /* Build configuration list for PBXNativeTarget "RandomPhoto" */;
			buildPhases = (
				64F55AAA29C83B65009CAFE6 /* Sources */,
				64F55AAB29C83B65009CAFE6 /* Frameworks */,
				64F55AAC29C83B65009CAFE6 /* Resources */,
			);
			buildRules = (
			);
			dependencies = (
			);
			name = RandomPhoto;
			productName = RandomPhoto;
			productReference = 64F55AAE29C83B65009CAFE6 /* RandomPhoto.app */;
			productType = "com.apple.product-type.application";
		};
		64F55AC329C83B70009CAFE6 /* RandomPhotoTests */ = {
			isa = PBXNativeTarget;
			buildConfigurationList = 64F55ADB29C83B70009CAFE6 /* Build configuration list for PBXNativeTarget "RandomPhotoTests" */;
			buildPhases = (
				64F55AC029C83B70009CAFE6 /* Sources */,
				64F55AC129C83B70009CAFE6 /* Frameworks */,
				64F55AC229C83B70009CAFE6 /* Resources */,
			);
			buildRules = (
			);
			dependencies = (
				64F55AC629C83B70009CAFE6 /* PBXTargetDependency */,
			);
			name = RandomPhotoTests;
			productName = RandomPhotoTests;
			productReference = 64F55AC429C83B70009CAFE6 /* RandomPhotoTests.xctest */;
			productType = "com.apple.product-type.bundle.unit-test";
		};
		64F55ACD29C83B70009CAFE6 /* RandomPhotoUITests */ = {
			isa = PBXNativeTarget;
			buildConfigurationList = 64F55ADE29C83B70009CAFE6 /* Build configuration list for PBXNativeTarget "RandomPhotoUITests" */;
			buildPhases = (
				64F55ACA29C83B70009CAFE6 /* Sources */,
				64F55ACB29C83B70009CAFE6 /* Frameworks */,
				64F55ACC29C83B70009CAFE6 /* Resources */,
			);
			buildRules = (
			);
			dependencies = (
				64F55AD029C83B70009CAFE6 /* PBXTargetDependency */,
			);
			name = RandomPhotoUITests;
			productName = RandomPhotoUITests;
			productReference = 64F55ACE29C83B70009CAFE6 /* RandomPhotoUITests.xctest */;
			productType = "com.apple.product-type.bundle.ui-testing";
		};
/* End PBXNativeTarget section */

/* Begin PBXProject section */
		64F55AA629C83B65009CAFE6 /* Project object */ = {
			isa = PBXProject;
			attributes = {
				BuildIndependentTargetsInParallel = 1;
				LastSwiftUpdateCheck = 1420;
				LastUpgradeCheck = 1420;
				TargetAttributes = {
					64F55AAD29C83B65009CAFE6 = {
						CreatedOnToolsVersion = 14.2;
					};
					64F55AC329C83B70009CAFE6 = {
						CreatedOnToolsVersion = 14.2;
						TestTargetID = 64F55AAD29C83B65009CAFE6;
					};
					64F55ACD29C83B70009CAFE6 = {
						CreatedOnToolsVersion = 14.2;
						TestTargetID = 64F55AAD29C83B65009CAFE6;
					};
				};
			};
			buildConfigurationList = 64F55AA929C83B65009CAFE6 /* Build configuration list for PBXProject "RandomPhoto" */;
			compatibilityVersion = "Xcode 14.0";
			developmentRegion = en;
			hasScannedForEncodings = 0;
			knownRegions = (
				en,
				Base,
			);
			mainGroup = 64F55AA529C83B65009CAFE6;
			productRefGroup = 64F55AAF29C83B65009CAFE6 /* Products */;
			projectDirPath = "";
			projectRoot = "";
			targets = (
				64F55AAD29C83B65009CAFE6 /* RandomPhoto */,
				64F55AC329C83B70009CAFE6 /* RandomPhotoTests */,
				64F55ACD29C83B70009CAFE6 /* RandomPhotoUITests */,
			);
		};
/* End PBXProject section */

/* Begin PBXResourcesBuildPhase section */
		64F55AAC29C83B65009CAFE6 /* Resources */ = {
			isa = PBXResourcesBuildPhase;
			buildActionMask = 2147483647;
			files = (
				64F55ABE29C83B70009CAFE6 /* LaunchScreen.storyboard in Resources */,
				64F55ABB29C83B70009CAFE6 /* Assets.xcassets in Resources */,
				64F55AB929C83B65009CAFE6 /* Main.storyboard in Resources */,
			);
			runOnlyForDeploymentPostprocessing = 0;
		};
		64F55AC229C83B70009CAFE6 /* Resources */ = {
			isa = PBXResourcesBuildPhase;
			buildActionMask = 2147483647;
			files = (
			);
			runOnlyForDeploymentPostprocessing = 0;
		};
		64F55ACC29C83B70009CAFE6 /* Resources */ = {
			isa = PBXResourcesBuildPhase;
			buildActionMask = 2147483647;
			files = (
			);
			runOnlyForDeploymentPostprocessing = 0;
		};
/* End PBXResourcesBuildPhase section */

/* Begin PBXSourcesBuildPhase section */
		64F55AAA29C83B65009CAFE6 /* Sources */ = {
			isa = PBXSourcesBuildPhase;
			buildActionMask = 2147483647;
			files = (
				64F55AB629C83B65009CAFE6 /* ViewController.swift in Sources */,
				64F55AB229C83B65009CAFE6 /* AppDelegate.swift in Sources */,
				64F55AB429C83B65009CAFE6 /* SceneDelegate.swift in Sources */,
			);
			runOnlyForDeploymentPostprocessing = 0;
		};
		64F55AC029C83B70009CAFE6 /* Sources */ = {
			isa = PBXSourcesBuildPhase;
			buildActionMask = 2147483647;
			files = (
				64F55AC929C83B70009CAFE6 /* RandomPhotoTests.swift in Sources */,
			);
			runOnlyForDeploymentPostprocessing = 0;
		};
		64F55ACA29C83B70009CAFE6 /* Sources */ = {
			isa = PBXSourcesBuildPhase;
			buildActionMask = 2147483647;
			files = (
				64F55AD529C83B70009CAFE6 /* RandomPhotoUITestsLaunchTests.swift in Sources */,
				64F55AD329C83B70009CAFE6 /* RandomPhotoUITests.swift in Sources */,
			);
			runOnlyForDeploymentPostprocessing = 0;
		};
/* End PBXSourcesBuildPhase section */

/* Begin PBXTargetDependency section */
		64F55AC629C83B70009CAFE6 /* PBXTargetDependency */ = {
			isa = PBXTargetDependency;
			target = 64F55AAD29C83B65009CAFE6 /* RandomPhoto */;
			targetProxy = 64F55AC529C83B70009CAFE6 /* PBXContainerItemProxy */;
		};
		64F55AD029C83B70009CAFE6 /* PBXTargetDependency */ = {
			isa = PBXTargetDependency;
			target = 64F55AAD29C83B65009CAFE6 /* RandomPhoto */;
			targetProxy = 64F55ACF29C83B70009CAFE6 /* PBXContainerItemProxy */;
		};
/* End PBXTargetDependency section */

/* Begin PBXVariantGroup section */
		64F55AB729C83B65009CAFE6 /* Main.storyboard */ = {
			isa = PBXVariantGroup;
			children = (
				64F55AB829C83B65009CAFE6 /* Base */,
			);
			name = Main.storyboard;
			sourceTree = "<group>";
		};
		64F55ABC29C83B70009CAFE6 /* LaunchScreen.storyboard */ = {
			isa = PBXVariantGroup;
			children = (
				64F55ABD29C83B70009CAFE6 /* Base */,
			);
			name = LaunchScreen.storyboard;
			sourceTree = "<group>";
		};
/* End PBXVariantGroup section */

/* Begin XCBuildConfiguration section */
		64F55AD629C83B70009CAFE6 /* Debug */ = {
			isa = XCBuildConfiguration;
			buildSettings = {
				ALWAYS_SEARCH_USER_PATHS = NO;
				CLANG_ANALYZER_NONNULL = YES;
				CLANG_ANALYZER_NUMBER_OBJECT_CONVERSION = YES_AGGRESSIVE;
				CLANG_CXX_LANGUAGE_STANDARD = "gnu++20";
				CLANG_ENABLE_MODULES = YES;
				CLANG_ENABLE_OBJC_ARC = YES;
				CLANG_ENABLE_OBJC_WEAK = YES;
				CLANG_WARN_BLOCK_CAPTURE_AUTORELEASING = YES;
				CLANG_WARN_BOOL_CONVERSION = YES;
				CLANG_WARN_COMMA = YES;
				CLANG_WARN_CONSTANT_CONVERSION = YES;
				CLANG_WARN_DEPRECATED_OBJC_IMPLEMENTATIONS = YES;
				CLANG_WARN_DIRECT_OBJC_ISA_USAGE = YES_ERROR;
				CLANG_WARN_DOCUMENTATION_COMMENTS = YES;
				CLANG_WARN_EMPTY_BODY = YES;
				CLANG_WARN_ENUM_CONVERSION = YES;
				CLANG_WARN_INFINITE_RECURSION = YES;
				CLANG_WARN_INT_CONVERSION = YES;
				CLANG_WARN_NON_LITERAL_NULL_CONVERSION = YES;
				CLANG_WARN_OBJC_IMPLICIT_RETAIN_SELF = YES;
				CLANG_WARN_OBJC_LITERAL_CONVERSION = YES;
				CLANG_WARN_OBJC_ROOT_CLASS = YES_ERROR;
				CLANG_WARN_QUOTED_INCLUDE_IN_FRAMEWORK_HEADER = YES;
				CLANG_WARN_RANGE_LOOP_ANALYSIS = YES;
				CLANG_WARN_STRICT_PROTOTYPES = YES;
				CLANG_WARN_SUSPICIOUS_MOVE = YES;
				CLANG_WARN_UNGUARDED_AVAILABILITY = YES_AGGRESSIVE;
				CLANG_WARN_UNREACHABLE_CODE = YES;
				CLANG_WARN__DUPLICATE_METHOD_MATCH = YES;
				COPY_PHASE_STRIP = NO;
				DEBUG_INFORMATION_FORMAT = dwarf;
				ENABLE_STRICT_OBJC_MSGSEND = YES;
				ENABLE_TESTABILITY = YES;
				GCC_C_LANGUAGE_STANDARD = gnu11;
				GCC_DYNAMIC_NO_PIC = NO;
				GCC_NO_COMMON_BLOCKS = YES;
				GCC_OPTIMIZATION_LEVEL = 0;
				GCC_PREPROCESSOR_DEFINITIONS = (
					"DEBUG=1",
					"$(inherited)",
				);
				GCC_WARN_64_TO_32_BIT_CONVERSION = YES;
				GCC_WARN_ABOUT_RETURN_TYPE = YES_ERROR;
				GCC_WARN_UNDECLARED_SELECTOR = YES;
				GCC_WARN_UNINITIALIZED_AUTOS = YES_AGGRESSIVE;
				GCC_WARN_UNUSED_FUNCTION = YES;
				GCC_WARN_UNUSED_VARIABLE = YES;
				IPHONEOS_DEPLOYMENT_TARGET = 16.2;
				MTL_ENABLE_DEBUG_INFO = INCLUDE_SOURCE;
				MTL_FAST_MATH = YES;
				ONLY_ACTIVE_ARCH = YES;
				SDKROOT = iphoneos;
				SWIFT_ACTIVE_COMPILATION_CONDITIONS = DEBUG;
				SWIFT_OPTIMIZATION_LEVEL = "-Onone";
			};
			name = Debug;
		};
		64F55AD729C83B70009CAFE6 /* Release */ = {
			isa = XCBuildConfiguration;
			buildSettings = {
				ALWAYS_SEARCH_USER_PATHS = NO;
				CLANG_ANALYZER_NONNULL = YES;
				CLANG_ANALYZER_NUMBER_OBJECT_CONVERSION = YES_AGGRESSIVE;
				CLANG_CXX_LANGUAGE_STANDARD = "gnu++20";
				CLANG_ENABLE_MODULES = YES;
				CLANG_ENABLE_OBJC_ARC = YES;
				CLANG_ENABLE_OBJC_WEAK = YES;
				CLANG_WARN_BLOCK_CAPTURE_AUTORELEASING = YES;
				CLANG_WARN_BOOL_CONVERSION = YES;
				CLANG_WARN_COMMA = YES;
				CLANG_WARN_CONSTANT_CONVERSION = YES;
				CLANG_WARN_DEPRECATED_OBJC_IMPLEMENTATIONS = YES;
				CLANG_WARN_DIRECT_OBJC_ISA_USAGE = YES_ERROR;
				CLANG_WARN_DOCUMENTATION_COMMENTS = YES;
				CLANG_WARN_EMPTY_BODY = YES;
				CLANG_WARN_ENUM_CONVERSION = YES;
				CLANG_WARN_INFINITE_RECURSION = YES;
				CLANG_WARN_INT_CONVERSION = YES;
				CLANG_WARN_NON_LITERAL_NULL_CONVERSION = YES;
				CLANG_WARN_OBJC_IMPLICIT_RETAIN_SELF = YES;
				CLANG_WARN_OBJC_LITERAL_CONVERSION = YES;
				CLANG_WARN_OBJC_ROOT_CLASS = YES_ERROR;
				CLANG_WARN_QUOTED_INCLUDE_IN_FRAMEWORK_HEADER = YES;
				CLANG_WARN_RANGE_LOOP_ANALYSIS = YES;
				CLANG_WARN_STRICT_PROTOTYPES = YES;
				CLANG_WARN_SUSPICIOUS_MOVE = YES;
				CLANG_WARN_UNGUARDED_AVAILABILITY = YES_AGGRESSIVE;
				CLANG_WARN_UNREACHABLE_CODE = YES;
				CLANG_WARN__DUPLICATE_METHOD_MATCH = YES;
				COPY_PHASE_STRIP = NO;
				DEBUG_INFORMATION_FORMAT = "dwarf-with-dsym";
				ENABLE_NS_ASSERTIONS = NO;
				ENABLE_STRICT_OBJC_MSGSEND = YES;
				GCC_C_LANGUAGE_STANDARD = gnu11;
				GCC_NO_COMMON_BLOCKS = YES;
				GCC_WARN_64_TO_32_BIT_CONVERSION = YES;
				GCC_WARN_ABOUT_RETURN_TYPE = YES_ERROR;
				GCC_WARN_UNDECLARED_SELECTOR = YES;
				GCC_WARN_UNINITIALIZED_AUTOS = YES_AGGRESSIVE;
				GCC_WARN_UNUSED_FUNCTION = YES;
				GCC_WARN_UNUSED_VARIABLE = YES;
				IPHONEOS_DEPLOYMENT_TARGET = 16.2;
				MTL_ENABLE_DEBUG_INFO = NO;
				MTL_FAST_MATH = YES;
				SDKROOT = iphoneos;
				SWIFT_COMPILATION_MODE = wholemodule;
				SWIFT_OPTIMIZATION_LEVEL = "-O";
				VALIDATE_PRODUCT = YES;
			};
			name = Release;
		};
		64F55AD929C83B70009CAFE6 /* Debug */ = {
			isa = XCBuildConfiguration;
			buildSettings = {
				ASSETCATALOG_COMPILER_APPICON_NAME = AppIcon;
				ASSETCATALOG_COMPILER_GLOBAL_ACCENT_COLOR_NAME = AccentColor;
				CODE_SIGN_STYLE = Automatic;
				CURRENT_PROJECT_VERSION = 1;
				DEVELOPMENT_TEAM = GFWA3H6G6D;
				GENERATE_INFOPLIST_FILE = YES;
				INFOPLIST_FILE = RandomPhoto/Info.plist;
				INFOPLIST_KEY_UIApplicationSupportsIndirectInputEvents = YES;
				INFOPLIST_KEY_UILaunchStoryboardName = LaunchScreen;
				INFOPLIST_KEY_UIMainStoryboardFile = Main;
				INFOPLIST_KEY_UISupportedInterfaceOrientations_iPad = "UIInterfaceOrientationPortrait UIInterfaceOrientationPortraitUpsideDown UIInterfaceOrientationLandscapeLeft UIInterfaceOrientationLandscapeRight";
				INFOPLIST_KEY_UISupportedInterfaceOrientations_iPhone = "UIInterfaceOrientationPortrait UIInterfaceOrientationLandscapeLeft UIInterfaceOrientationLandscapeRight";
				LD_RUNPATH_SEARCH_PATHS = (
					"$(inherited)",
					"@executable_path/Frameworks",
				);
				MARKETING_VERSION = 1.0;
				PRODUCT_BUNDLE_IDENTIFIER = gabriel.RandomPhoto;
				PRODUCT_NAME = "$(TARGET_NAME)";
				SWIFT_EMIT_LOC_STRINGS = YES;
				SWIFT_VERSION = 5.0;
				TARGETED_DEVICE_FAMILY = "1,2";
			};
			name = Debug;
		};
		64F55ADA29C83B70009CAFE6 /* Release */ = {
			isa = XCBuildConfiguration;
			buildSettings = {
				ASSETCATALOG_COMPILER_APPICON_NAME = AppIcon;
				ASSETCATALOG_COMPILER_GLOBAL_ACCENT_COLOR_NAME = AccentColor;
				CODE_SIGN_STYLE = Automatic;
				CURRENT_PROJECT_VERSION = 1;
				DEVELOPMENT_TEAM = GFWA3H6G6D;
				GENERATE_INFOPLIST_FILE = YES;
				INFOPLIST_FILE = RandomPhoto/Info.plist;
				INFOPLIST_KEY_UIApplicationSupportsIndirectInputEvents = YES;
				INFOPLIST_KEY_UILaunchStoryboardName = LaunchScreen;
				INFOPLIST_KEY_UIMainStoryboardFile = Main;
				INFOPLIST_KEY_UISupportedInterfaceOrientations_iPad = "UIInterfaceOrientationPortrait UIInterfaceOrientationPortraitUpsideDown UIInterfaceOrientationLandscapeLeft UIInterfaceOrientationLandscapeRight";
				INFOPLIST_KEY_UISupportedInterfaceOrientations_iPhone = "UIInterfaceOrientationPortrait UIInterfaceOrientationLandscapeLeft UIInterfaceOrientationLandscapeRight";
				LD_RUNPATH_SEARCH_PATHS = (
					"$(inherited)",
					"@executable_path/Frameworks",
				);
				MARKETING_VERSION = 1.0;
				PRODUCT_BUNDLE_IDENTIFIER = gabriel.RandomPhoto;
				PRODUCT_NAME = "$(TARGET_NAME)";
				SWIFT_EMIT_LOC_STRINGS = YES;
				SWIFT_VERSION = 5.0;
				TARGETED_DEVICE_FAMILY = "1,2";
			};
			name = Release;
		};
		64F55ADC29C83B70009CAFE6 /* Debug */ = {
			isa = XCBuildConfiguration;
			buildSettings = {
				ALWAYS_EMBED_SWIFT_STANDARD_LIBRARIES = YES;
				BUNDLE_LOADER = "$(TEST_HOST)";
				CODE_SIGN_STYLE = Automatic;
				CURRENT_PROJECT_VERSION = 1;
				GENERATE_INFOPLIST_FILE = YES;
				IPHONEOS_DEPLOYMENT_TARGET = 16.2;
				MARKETING_VERSION = 1.0;
				PRODUCT_BUNDLE_IDENTIFIER = gabriel.RandomPhotoTests;
				PRODUCT_NAME = "$(TARGET_NAME)";
				SWIFT_EMIT_LOC_STRINGS = NO;
				SWIFT_VERSION = 5.0;
				TARGETED_DEVICE_FAMILY = "1,2";
				TEST_HOST = "$(BUILT_PRODUCTS_DIR)/RandomPhoto.app/$(BUNDLE_EXECUTABLE_FOLDER_PATH)/RandomPhoto";
			};
			name = Debug;
		};
		64F55ADD29C83B70009CAFE6 /* Release */ = {
			isa = XCBuildConfiguration;
			buildSettings = {
				ALWAYS_EMBED_SWIFT_STANDARD_LIBRARIES = YES;
				BUNDLE_LOADER = "$(TEST_HOST)";
				CODE_SIGN_STYLE = Automatic;
				CURRENT_PROJECT_VERSION = 1;
				GENERATE_INFOPLIST_FILE = YES;
				IPHONEOS_DEPLOYMENT_TARGET = 16.2;
				MARKETING_VERSION = 1.0;
				PRODUCT_BUNDLE_IDENTIFIER = gabriel.RandomPhotoTests;
				PRODUCT_NAME = "$(TARGET_NAME)";
				SWIFT_EMIT_LOC_STRINGS = NO;
				SWIFT_VERSION = 5.0;
				TARGETED_DEVICE_FAMILY = "1,2";
				TEST_HOST = "$(BUILT_PRODUCTS_DIR)/RandomPhoto.app/$(BUNDLE_EXECUTABLE_FOLDER_PATH)/RandomPhoto";
			};
			name = Release;
		};
		64F55ADF29C83B70009CAFE6 /* Debug */ = {
			isa = XCBuildConfiguration;
			buildSettings = {
				ALWAYS_EMBED_SWIFT_STANDARD_LIBRARIES = YES;
				CODE_SIGN_STYLE = Automatic;
				CURRENT_PROJECT_VERSION = 1;
				GENERATE_INFOPLIST_FILE = YES;
				MARKETING_VERSION = 1.0;
				PRODUCT_BUNDLE_IDENTIFIER = gabriel.RandomPhotoUITests;
				PRODUCT_NAME = "$(TARGET_NAME)";
				SWIFT_EMIT_LOC_STRINGS = NO;
				SWIFT_VERSION = 5.0;
				TARGETED_DEVICE_FAMILY = "1,2";
				TEST_TARGET_NAME = RandomPhoto;
			};
			name = Debug;
		};
		64F55AE029C83B70009CAFE6 /* Release */ = {
			isa = XCBuildConfiguration;
			buildSettings = {
				ALWAYS_EMBED_SWIFT_STANDARD_LIBRARIES = YES;
				CODE_SIGN_STYLE = Automatic;
				CURRENT_PROJECT_VERSION = 1;
				GENERATE_INFOPLIST_FILE = YES;
				MARKETING_VERSION = 1.0;
				PRODUCT_BUNDLE_IDENTIFIER = gabriel.RandomPhotoUITests;
				PRODUCT_NAME = "$(TARGET_NAME)";
				SWIFT_EMIT_LOC_STRINGS = NO;
				SWIFT_VERSION = 5.0;
				TARGETED_DEVICE_FAMILY = "1,2";
				TEST_TARGET_NAME = RandomPhoto;
			};
			name = Release;
		};
/* End XCBuildConfiguration section */

/* Begin XCConfigurationList section */
		64F55AA929C83B65009CAFE6 /* Build configuration list for PBXProject "RandomPhoto" */ = {
			isa = XCConfigurationList;
			buildConfigurations = (
				64F55AD629C83B70009CAFE6 /* Debug */,
				64F55AD729C83B70009CAFE6 /* Release */,
			);
			defaultConfigurationIsVisible = 0;
			defaultConfigurationName = Release;
		};
		64F55AD829C83B70009CAFE6 /* Build configuration list for PBXNativeTarget "RandomPhoto" */ = {
			isa = XCConfigurationList;
			buildConfigurations = (
				64F55AD929C83B70009CAFE6 /* Debug */,
				64F55ADA29C83B70009CAFE6 /* Release */,
			);
			defaultConfigurationIsVisible = 0;
			defaultConfigurationName = Release;
		};
		64F55ADB29C83B70009CAFE6 /* Build configuration list for PBXNativeTarget "RandomPhotoTests" */ = {
			isa = XCConfigurationList;
			buildConfigurations = (
				64F55ADC29C83B70009CAFE6 /* Debug */,
				64F55ADD29C83B70009CAFE6 /* Release */,
			);
			defaultConfigurationIsVisible = 0;
			defaultConfigurationName = Release;
		};
		64F55ADE29C83B70009CAFE6 /* Build configuration list for PBXNativeTarget "RandomPhotoUITests" */ = {
			isa = XCConfigurationList;
			buildConfigurations = (
				64F55ADF29C83B70009CAFE6 /* Debug */,
				64F55AE029C83B70009CAFE6 /* Release */,
			);
			defaultConfigurationIsVisible = 0;
			defaultConfigurationName = Release;
		};
/* End XCConfigurationList section */
	};
	rootObject = 64F55AA629C83B65009CAFE6 /* Project object */;
}
